
Microsoft Visual Studio Solution File, Format Version 12.00
Project("{FAE04EC0-301F-11D3-BF4B-00C04F79EFBC}") = "Parrot-csharp.xUnit", "Parrot-csharp.xUnit\Parrot-csharp.xUnit.csproj", "{30782671-E70F-4400-A783-FD4BD6AA420B}"
EndProject
Project("{FAE04EC0-301F-11D3-BF4B-00C04F79EFBC}") = "Parrot.Tests", "Parrot.Tests\Parrot.Tests.csproj", "{D20C0708-0D4D-41AC-AC45-3E42B1029728}"
EndProject
Global
	GlobalSection(SolutionConfigurationPlatforms) = preSolution
		Debug|Any CPU = Debug|Any CPU
		Release|Any CPU = Release|Any CPU
	EndGlobalSection
	GlobalSection(ProjectConfigurationPlatforms) = postSolution
		{30782671-E70F-4400-A783-FD4BD6AA420B}.Debug|Any CPU.ActiveCfg = Debug|Any CPU
		{30782671-E70F-4400-A783-FD4BD6AA420B}.Debug|Any CPU.Build.0 = Debug|Any CPU
		{30782671-E70F-4400-A783-FD4BD6AA420B}.Release|Any CPU.ActiveCfg = Release|Any CPU
		{30782671-E70F-4400-A783-FD4BD6AA420B}.Release|Any CPU.Build.0 = Release|Any CPU
		{D20C0708-0D4D-41AC-AC45-3E42B1029728}.Debug|Any CPU.ActiveCfg = Debug|Any CPU
		{D20C0708-0D4D-41AC-AC45-3E42B1029728}.Debug|Any CPU.Build.0 = Debug|Any CPU
		{D20C0708-0D4D-41AC-AC45-3E42B1029728}.Release|Any CPU.ActiveCfg = Release|Any CPU
		{D20C0708-0D4D-41AC-AC45-3E42B1029728}.Release|Any CPU.Build.0 = Release|Any CPU
	EndGlobalSection
EndGlobal
