
Microsoft Visual Studio Solution File, Format Version 12.00
Project("{FAE04EC0-301F-11D3-BF4B-00C04F79EFBC}") = "VendingMachineKata", "VendingMachineKata\VendingMachineKata.csproj", "{64DBD788-E055-43EB-95AB-7E43804C2609}"
EndProject
Project("{FAE04EC0-301F-11D3-BF4B-00C04F79EFBC}") = "VendingMachineKata.Tests", "VendingMachineKata.Tests\VendingMachineKata.Tests.csproj", "{9B2CF376-0641-482E-B6FE-2D31BC7EE842}"
EndProject
Global
	GlobalSection(SolutionConfigurationPlatforms) = preSolution
		Debug|Any CPU = Debug|Any CPU
		Release|Any CPU = Release|Any CPU
	EndGlobalSection
	GlobalSection(ProjectConfigurationPlatforms) = postSolution
		{64DBD788-E055-43EB-95AB-7E43804C2609}.Debug|Any CPU.ActiveCfg = Debug|Any CPU
		{64DBD788-E055-43EB-95AB-7E43804C2609}.Debug|Any CPU.Build.0 = Debug|Any CPU
		{64DBD788-E055-43EB-95AB-7E43804C2609}.Release|Any CPU.ActiveCfg = Release|Any CPU
		{64DBD788-E055-43EB-95AB-7E43804C2609}.Release|Any CPU.Build.0 = Release|Any CPU
		{9B2CF376-0641-482E-B6FE-2D31BC7EE842}.Debug|Any CPU.ActiveCfg = Debug|Any CPU
		{9B2CF376-0641-482E-B6FE-2D31BC7EE842}.Debug|Any CPU.Build.0 = Debug|Any CPU
		{9B2CF376-0641-482E-B6FE-2D31BC7EE842}.Release|Any CPU.ActiveCfg = Release|Any CPU
		{9B2CF376-0641-482E-B6FE-2D31BC7EE842}.Release|Any CPU.Build.0 = Release|Any CPU
	EndGlobalSection
EndGlobal
